
Microsoft Visual Studio Solution File, Format Version 12.00
# Visual Studio Version 17
VisualStudioVersion = 17.8.34330.188
MinimumVisualStudioVersion = 10.0.40219.1
Project("{8BC9CEB8-8B4A-11D0-8D11-00A0C91BC942}") = "L20230109_TCPServer", "L20230109_TCPServer.vcxproj", "{C3E4D579-9560-46EA-B3A9-A7424D385DAD}"
EndProject
Global
	GlobalSection(SolutionConfigurationPlatforms) = preSolution
		Debug|x64 = Debug|x64
		Debug|x86 = Debug|x86
		Release|x64 = Release|x64
		Release|x86 = Release|x86
	EndGlobalSection
	GlobalSection(ProjectConfigurationPlatforms) = postSolution
		{C3E4D579-9560-46EA-B3A9-A7424D385DAD}.Debug|x64.ActiveCfg = Debug|x64
		{C3E4D579-9560-46EA-B3A9-A7424D385DAD}.Debug|x64.Build.0 = Debug|x64
		{C3E4D579-9560-46EA-B3A9-A7424D385DAD}.Debug|x86.ActiveCfg = Debug|Win32
		{C3E4D579-9560-46EA-B3A9-A7424D385DAD}.Debug|x86.Build.0 = Debug|Win32
		{C3E4D579-9560-46EA-B3A9-A7424D385DAD}.Release|x64.ActiveCfg = Release|x64
		{C3E4D579-9560-46EA-B3A9-A7424D385DAD}.Release|x64.Build.0 = Release|x64
		{C3E4D579-9560-46EA-B3A9-A7424D385DAD}.Release|x86.ActiveCfg = Release|Win32
		{C3E4D579-9560-46EA-B3A9-A7424D385DAD}.Release|x86.Build.0 = Release|Win32
	EndGlobalSection
	GlobalSection(SolutionProperties) = preSolution
		HideSolutionNode = FALSE
	EndGlobalSection
	GlobalSection(ExtensibilityGlobals) = postSolution
		SolutionGuid = {5D25665E-1DB2-4C87-86E7-DBD2C8289A89}
	EndGlobalSection
EndGlobal
